
Microsoft Visual Studio Solution File, Format Version 12.00
# Visual Studio Version 16
VisualStudioVersion = 16.0.30011.22
MinimumVisualStudioVersion = 10.0.40219.1
Project("{FAE04EC0-301F-11D3-BF4B-00C04F79EFBC}") = "Playground", "Playground\Playground.csproj", "{1F081641-2D66-4B54-991F-D6287CCD89A5}"
EndProject
Project("{FAE04EC0-301F-11D3-BF4B-00C04F79EFBC}") = "TestApp", "TestApp\TestApp.csproj", "{4978BC0C-45F6-4D77-8D65-55B74FC27F3F}"
EndProject
Global
	GlobalSection(SolutionConfigurationPlatforms) = preSolution
		Debug|Any CPU = Debug|Any CPU
		Release|Any CPU = Release|Any CPU
	EndGlobalSection
	GlobalSection(ProjectConfigurationPlatforms) = postSolution
		{1F081641-2D66-4B54-991F-D6287CCD89A5}.Debug|Any CPU.ActiveCfg = Debug|Any CPU
		{1F081641-2D66-4B54-991F-D6287CCD89A5}.Debug|Any CPU.Build.0 = Debug|Any CPU
		{1F081641-2D66-4B54-991F-D6287CCD89A5}.Release|Any CPU.ActiveCfg = Release|Any CPU
		{1F081641-2D66-4B54-991F-D6287CCD89A5}.Release|Any CPU.Build.0 = Release|Any CPU
		{4978BC0C-45F6-4D77-8D65-55B74FC27F3F}.Debug|Any CPU.ActiveCfg = Debug|Any CPU
		{4978BC0C-45F6-4D77-8D65-55B74FC27F3F}.Debug|Any CPU.Build.0 = Debug|Any CPU
		{4978BC0C-45F6-4D77-8D65-55B74FC27F3F}.Release|Any CPU.ActiveCfg = Release|Any CPU
		{4978BC0C-45F6-4D77-8D65-55B74FC27F3F}.Release|Any CPU.Build.0 = Release|Any CPU
	EndGlobalSection
	GlobalSection(SolutionProperties) = preSolution
		HideSolutionNode = FALSE
	EndGlobalSection
	GlobalSection(ExtensibilityGlobals) = postSolution
		SolutionGuid = {B98F61D5-5541-430B-BE36-4AA692731A00}
	EndGlobalSection
EndGlobal
